
Microsoft Visual Studio Solution File, Format Version 12.00
# Visual Studio 15
Project("{FAE04EC0-301F-11D3-BF4B-00C04F79EFBC}") = "Project_HuntTheWumpus", "Assembly-CSharp.csproj", "{330950E4-2FCF-00AD-04A9-B4F41D50545C}"
EndProject
Global
	GlobalSection(SolutionConfigurationPlatforms) = preSolution
		Debug|Any CPU = Debug|Any CPU
		Release|Any CPU = Release|Any CPU
	EndGlobalSection
	GlobalSection(ProjectConfigurationPlatforms) = postSolution
		{330950E4-2FCF-00AD-04A9-B4F41D50545C}.Debug|Any CPU.ActiveCfg = Debug|Any CPU
		{330950E4-2FCF-00AD-04A9-B4F41D50545C}.Debug|Any CPU.Build.0 = Debug|Any CPU
		{330950E4-2FCF-00AD-04A9-B4F41D50545C}.Release|Any CPU.ActiveCfg = Release|Any CPU
		{330950E4-2FCF-00AD-04A9-B4F41D50545C}.Release|Any CPU.Build.0 = Release|Any CPU
	EndGlobalSection
	GlobalSection(SolutionProperties) = preSolution
		HideSolutionNode = FALSE
	EndGlobalSection
EndGlobal
