
Microsoft Visual Studio Solution File, Format Version 12.00
# Visual Studio 15
Project("{FAE04EC0-301F-11D3-BF4B-00C04F79EFBC}") = "Unity_HuntTheWumpus", "Assembly-CSharp.csproj", "{2CE68C6C-AAE6-D07E-41E3-358439ABDCD0}"
EndProject
Global
	GlobalSection(SolutionConfigurationPlatforms) = preSolution
		Debug|Any CPU = Debug|Any CPU
		Release|Any CPU = Release|Any CPU
	EndGlobalSection
	GlobalSection(ProjectConfigurationPlatforms) = postSolution
		{2CE68C6C-AAE6-D07E-41E3-358439ABDCD0}.Debug|Any CPU.ActiveCfg = Debug|Any CPU
		{2CE68C6C-AAE6-D07E-41E3-358439ABDCD0}.Debug|Any CPU.Build.0 = Debug|Any CPU
		{2CE68C6C-AAE6-D07E-41E3-358439ABDCD0}.Release|Any CPU.ActiveCfg = Release|Any CPU
		{2CE68C6C-AAE6-D07E-41E3-358439ABDCD0}.Release|Any CPU.Build.0 = Release|Any CPU
	EndGlobalSection
	GlobalSection(SolutionProperties) = preSolution
		HideSolutionNode = FALSE
	EndGlobalSection
EndGlobal
